
Microsoft Visual Studio Solution File, Format Version 12.00
# Visual Studio Version 17
VisualStudioVersion = 17.7.34031.279
MinimumVisualStudioVersion = 10.0.40219.1
Project("{FAE04EC0-301F-11D3-BF4B-00C04F79EFBC}") = "Mirror Number", "Mirror Number\Mirror Number.csproj", "{C3E6B8F6-01ED-4D80-8ED4-90743281E9B5}"
EndProject
Global
	GlobalSection(SolutionConfigurationPlatforms) = preSolution
		Debug|Any CPU = Debug|Any CPU
		Release|Any CPU = Release|Any CPU
	EndGlobalSection
	GlobalSection(ProjectConfigurationPlatforms) = postSolution
		{C3E6B8F6-01ED-4D80-8ED4-90743281E9B5}.Debug|Any CPU.ActiveCfg = Debug|Any CPU
		{C3E6B8F6-01ED-4D80-8ED4-90743281E9B5}.Debug|Any CPU.Build.0 = Debug|Any CPU
		{C3E6B8F6-01ED-4D80-8ED4-90743281E9B5}.Release|Any CPU.ActiveCfg = Release|Any CPU
		{C3E6B8F6-01ED-4D80-8ED4-90743281E9B5}.Release|Any CPU.Build.0 = Release|Any CPU
	EndGlobalSection
	GlobalSection(SolutionProperties) = preSolution
		HideSolutionNode = FALSE
	EndGlobalSection
	GlobalSection(ExtensibilityGlobals) = postSolution
		SolutionGuid = {DA097B98-DF60-4B35-96A6-021833ABCA0E}
	EndGlobalSection
EndGlobal
